
Microsoft Visual Studio Solution File, Format Version 12.00
# Visual Studio Version 17
VisualStudioVersion = 17.8.34330.188
MinimumVisualStudioVersion = 10.0.40219.1
Project("{9A19103F-16F7-4668-BE54-9A1E7A4F7556}") = "RogueTraderUnityToolkit.Unity", "RogueTraderUnityToolkit.Unity\RogueTraderUnityToolkit.Unity.csproj", "{40D2EEAD-0206-4E33-B4A3-3628F04CFBC2}"
EndProject
Project("{9A19103F-16F7-4668-BE54-9A1E7A4F7556}") = "RogueTraderUnityToolkit.Core", "RogueTraderUnityToolkit.Core\RogueTraderUnityToolkit.Core.csproj", "{3879A3AA-0D8E-4B3F-8483-DD61156C0119}"
EndProject
Project("{9A19103F-16F7-4668-BE54-9A1E7A4F7556}") = "RogueTraderUnityToolkit", "RogueTraderUnityToolkit\RogueTraderUnityToolkit.csproj", "{3C9DF2FF-A4D4-49C8-AC98-A71315F9AD32}"
EndProject
Project("{9A19103F-16F7-4668-BE54-9A1E7A4F7556}") = "RogueTraderUnityToolkit.Tests", "RogueTraderUnityToolkit.Tests\RogueTraderUnityToolkit.Tests.csproj", "{3DDC357B-DAE2-43B5-933E-BC3AABD7FEEC}"
EndProject
Project("{9A19103F-16F7-4668-BE54-9A1E7A4F7556}") = "Benchmark", "Tools\Benchmark\Benchmark.csproj", "{17E32860-59D7-4CE8-A51C-346E9612FA22}"
EndProject
Project("{2150E333-8FDC-42A3-9474-1A3956D46DE8}") = "Tools", "Tools", "{1226AE59-5EEC-4F14-B04D-D34B470943BC}"
EndProject
Project("{9A19103F-16F7-4668-BE54-9A1E7A4F7556}") = "RogueTraderUnityToolkit.UnityGenerated", "RogueTraderUnityToolkit.UnityGenerated\RogueTraderUnityToolkit.UnityGenerated.csproj", "{07EEB986-D0E9-4CF8-87A3-3315CA479357}"
EndProject
Project("{9A19103F-16F7-4668-BE54-9A1E7A4F7556}") = "MemoryScan", "Tools\MemoryScan\MemoryScan.csproj", "{8F54FC04-60FD-4E31-AD0A-E05E95B61726}"
EndProject
Project("{2150E333-8FDC-42A3-9474-1A3956D46DE8}") = "Solution Items", "Solution Items", "{F429E0D4-FCC4-475E-ACB5-9223B0A3C683}"
	ProjectSection(SolutionItems) = preProject
		.editorconfig = .editorconfig
	EndProjectSection
EndProject
Project("{FAE04EC0-301F-11D3-BF4B-00C04F79EFBC}") = "CodegenTest", "Tools\CodegenTest\CodegenTest.csproj", "{9511C2EB-71A8-4934-89C3-4E92BF4CE7A2}"
EndProject
Project("{FAE04EC0-301F-11D3-BF4B-00C04F79EFBC}") = "AssetServer", "AssetServer\AssetServer.csproj", "{4368E7B3-895E-4C9D-87F8-ACCD7F65089E}"
EndProject
Global
	GlobalSection(SolutionConfigurationPlatforms) = preSolution
		Debug|Any CPU = Debug|Any CPU
		Release|Any CPU = Release|Any CPU
	EndGlobalSection
	GlobalSection(ProjectConfigurationPlatforms) = postSolution
		{40D2EEAD-0206-4E33-B4A3-3628F04CFBC2}.Debug|Any CPU.ActiveCfg = Debug|Any CPU
		{40D2EEAD-0206-4E33-B4A3-3628F04CFBC2}.Debug|Any CPU.Build.0 = Debug|Any CPU
		{40D2EEAD-0206-4E33-B4A3-3628F04CFBC2}.Release|Any CPU.ActiveCfg = Release|Any CPU
		{40D2EEAD-0206-4E33-B4A3-3628F04CFBC2}.Release|Any CPU.Build.0 = Release|Any CPU
		{3879A3AA-0D8E-4B3F-8483-DD61156C0119}.Debug|Any CPU.ActiveCfg = Debug|Any CPU
		{3879A3AA-0D8E-4B3F-8483-DD61156C0119}.Debug|Any CPU.Build.0 = Debug|Any CPU
		{3879A3AA-0D8E-4B3F-8483-DD61156C0119}.Release|Any CPU.ActiveCfg = Release|Any CPU
		{3879A3AA-0D8E-4B3F-8483-DD61156C0119}.Release|Any CPU.Build.0 = Release|Any CPU
		{3C9DF2FF-A4D4-49C8-AC98-A71315F9AD32}.Debug|Any CPU.ActiveCfg = Debug|Any CPU
		{3C9DF2FF-A4D4-49C8-AC98-A71315F9AD32}.Debug|Any CPU.Build.0 = Debug|Any CPU
		{3C9DF2FF-A4D4-49C8-AC98-A71315F9AD32}.Release|Any CPU.ActiveCfg = Release|Any CPU
		{3C9DF2FF-A4D4-49C8-AC98-A71315F9AD32}.Release|Any CPU.Build.0 = Release|Any CPU
		{3DDC357B-DAE2-43B5-933E-BC3AABD7FEEC}.Debug|Any CPU.ActiveCfg = Debug|Any CPU
		{3DDC357B-DAE2-43B5-933E-BC3AABD7FEEC}.Debug|Any CPU.Build.0 = Debug|Any CPU
		{3DDC357B-DAE2-43B5-933E-BC3AABD7FEEC}.Release|Any CPU.ActiveCfg = Release|Any CPU
		{3DDC357B-DAE2-43B5-933E-BC3AABD7FEEC}.Release|Any CPU.Build.0 = Release|Any CPU
		{17E32860-59D7-4CE8-A51C-346E9612FA22}.Debug|Any CPU.ActiveCfg = Debug|Any CPU
		{17E32860-59D7-4CE8-A51C-346E9612FA22}.Debug|Any CPU.Build.0 = Debug|Any CPU
		{17E32860-59D7-4CE8-A51C-346E9612FA22}.Release|Any CPU.ActiveCfg = Release|Any CPU
		{17E32860-59D7-4CE8-A51C-346E9612FA22}.Release|Any CPU.Build.0 = Release|Any CPU
		{07EEB986-D0E9-4CF8-87A3-3315CA479357}.Debug|Any CPU.ActiveCfg = Debug|Any CPU
		{07EEB986-D0E9-4CF8-87A3-3315CA479357}.Debug|Any CPU.Build.0 = Debug|Any CPU
		{07EEB986-D0E9-4CF8-87A3-3315CA479357}.Release|Any CPU.ActiveCfg = Release|Any CPU
		{07EEB986-D0E9-4CF8-87A3-3315CA479357}.Release|Any CPU.Build.0 = Release|Any CPU
		{8F54FC04-60FD-4E31-AD0A-E05E95B61726}.Debug|Any CPU.ActiveCfg = Debug|Any CPU
		{8F54FC04-60FD-4E31-AD0A-E05E95B61726}.Debug|Any CPU.Build.0 = Debug|Any CPU
		{8F54FC04-60FD-4E31-AD0A-E05E95B61726}.Release|Any CPU.ActiveCfg = Release|Any CPU
		{8F54FC04-60FD-4E31-AD0A-E05E95B61726}.Release|Any CPU.Build.0 = Release|Any CPU
		{9511C2EB-71A8-4934-89C3-4E92BF4CE7A2}.Debug|Any CPU.ActiveCfg = Debug|Any CPU
		{9511C2EB-71A8-4934-89C3-4E92BF4CE7A2}.Debug|Any CPU.Build.0 = Debug|Any CPU
		{9511C2EB-71A8-4934-89C3-4E92BF4CE7A2}.Release|Any CPU.ActiveCfg = Release|Any CPU
		{9511C2EB-71A8-4934-89C3-4E92BF4CE7A2}.Release|Any CPU.Build.0 = Release|Any CPU
		{4368E7B3-895E-4C9D-87F8-ACCD7F65089E}.Debug|Any CPU.ActiveCfg = Debug|Any CPU
		{4368E7B3-895E-4C9D-87F8-ACCD7F65089E}.Debug|Any CPU.Build.0 = Debug|Any CPU
		{4368E7B3-895E-4C9D-87F8-ACCD7F65089E}.Release|Any CPU.ActiveCfg = Release|Any CPU
		{4368E7B3-895E-4C9D-87F8-ACCD7F65089E}.Release|Any CPU.Build.0 = Release|Any CPU
	EndGlobalSection
	GlobalSection(SolutionProperties) = preSolution
		HideSolutionNode = FALSE
	EndGlobalSection
	GlobalSection(NestedProjects) = preSolution
		{17E32860-59D7-4CE8-A51C-346E9612FA22} = {1226AE59-5EEC-4F14-B04D-D34B470943BC}
		{8F54FC04-60FD-4E31-AD0A-E05E95B61726} = {1226AE59-5EEC-4F14-B04D-D34B470943BC}
		{9511C2EB-71A8-4934-89C3-4E92BF4CE7A2} = {1226AE59-5EEC-4F14-B04D-D34B470943BC}
	EndGlobalSection
EndGlobal
