
Microsoft Visual Studio Solution File, Format Version 12.00
Project("{FAE04EC0-301F-11D3-BF4B-00C04F79EFBC}") = "RogueTraderUnityToolkit.Unity", "RogueTraderUnityToolkit.Unity\RogueTraderUnityToolkit.Unity.csproj", "{40D2EEAD-0206-4E33-B4A3-3628F04CFBC2}"
EndProject
Project("{FAE04EC0-301F-11D3-BF4B-00C04F79EFBC}") = "RogueTraderUnityToolkit.Core", "RogueTraderUnityToolkit.Core\RogueTraderUnityToolkit.Core.csproj", "{3879A3AA-0D8E-4B3F-8483-DD61156C0119}"
EndProject
Project("{FAE04EC0-301F-11D3-BF4B-00C04F79EFBC}") = "RogueTraderUnityToolkit", "RogueTraderUnityToolkit\RogueTraderUnityToolkit.csproj", "{3C9DF2FF-A4D4-49C8-AC98-A71315F9AD32}"
EndProject
Project("{FAE04EC0-301F-11D3-BF4B-00C04F79EFBC}") = "RogueTraderUnityToolkit.Tests", "RogueTraderUnityToolkit.Tests\RogueTraderUnityToolkit.Tests.csproj", "{3DDC357B-DAE2-43B5-933E-BC3AABD7FEEC}"
EndProject
Project("{FAE04EC0-301F-11D3-BF4B-00C04F79EFBC}") = "Tools\Benchmark", "Tools\Benchmark\Benchmark.csproj", "{17E32860-59D7-4CE8-A51C-346E9612FA22}"
EndProject
Project("{2150E333-8FDC-42A3-9474-1A3956D46DE8}") = "Tools", "Tools", "{1226AE59-5EEC-4F14-B04D-D34B470943BC}"
EndProject
Project("{FAE04EC0-301F-11D3-BF4B-00C04F79EFBC}") = "Codegen", "Tools\Codegen\Codegen.csproj", "{4B6543EB-29CC-42FF-8AD6-4B16B99B6301}"
EndProject
Global
	GlobalSection(SolutionConfigurationPlatforms) = preSolution
		Debug|Any CPU = Debug|Any CPU
		Release|Any CPU = Release|Any CPU
	EndGlobalSection
	GlobalSection(ProjectConfigurationPlatforms) = postSolution
		{40D2EEAD-0206-4E33-B4A3-3628F04CFBC2}.Debug|Any CPU.ActiveCfg = Debug|Any CPU
		{40D2EEAD-0206-4E33-B4A3-3628F04CFBC2}.Debug|Any CPU.Build.0 = Debug|Any CPU
		{40D2EEAD-0206-4E33-B4A3-3628F04CFBC2}.Release|Any CPU.ActiveCfg = Release|Any CPU
		{40D2EEAD-0206-4E33-B4A3-3628F04CFBC2}.Release|Any CPU.Build.0 = Release|Any CPU
		{3879A3AA-0D8E-4B3F-8483-DD61156C0119}.Debug|Any CPU.ActiveCfg = Debug|Any CPU
		{3879A3AA-0D8E-4B3F-8483-DD61156C0119}.Debug|Any CPU.Build.0 = Debug|Any CPU
		{3879A3AA-0D8E-4B3F-8483-DD61156C0119}.Release|Any CPU.ActiveCfg = Release|Any CPU
		{3879A3AA-0D8E-4B3F-8483-DD61156C0119}.Release|Any CPU.Build.0 = Release|Any CPU
		{3C9DF2FF-A4D4-49C8-AC98-A71315F9AD32}.Debug|Any CPU.ActiveCfg = Debug|Any CPU
		{3C9DF2FF-A4D4-49C8-AC98-A71315F9AD32}.Debug|Any CPU.Build.0 = Debug|Any CPU
		{3C9DF2FF-A4D4-49C8-AC98-A71315F9AD32}.Release|Any CPU.ActiveCfg = Release|Any CPU
		{3C9DF2FF-A4D4-49C8-AC98-A71315F9AD32}.Release|Any CPU.Build.0 = Release|Any CPU
		{17E32860-59D7-4CE8-A51C-346E9612FA22}.Debug|Any CPU.ActiveCfg = Debug|Any CPU
		{17E32860-59D7-4CE8-A51C-346E9612FA22}.Debug|Any CPU.Build.0 = Debug|Any CPU
		{17E32860-59D7-4CE8-A51C-346E9612FA22}.Release|Any CPU.ActiveCfg = Release|Any CPU
		{17E32860-59D7-4CE8-A51C-346E9612FA22}.Release|Any CPU.Build.0 = Release|Any CPU
		{3DDC357B-DAE2-43B5-933E-BC3AABD7FEEC}.Debug|Any CPU.ActiveCfg = Debug|Any CPU
		{3DDC357B-DAE2-43B5-933E-BC3AABD7FEEC}.Debug|Any CPU.Build.0 = Debug|Any CPU
		{3DDC357B-DAE2-43B5-933E-BC3AABD7FEEC}.Release|Any CPU.ActiveCfg = Release|Any CPU
		{3DDC357B-DAE2-43B5-933E-BC3AABD7FEEC}.Release|Any CPU.Build.0 = Release|Any CPU
		{4B6543EB-29CC-42FF-8AD6-4B16B99B6301}.Debug|Any CPU.ActiveCfg = Debug|Any CPU
		{4B6543EB-29CC-42FF-8AD6-4B16B99B6301}.Debug|Any CPU.Build.0 = Debug|Any CPU
		{4B6543EB-29CC-42FF-8AD6-4B16B99B6301}.Release|Any CPU.ActiveCfg = Release|Any CPU
		{4B6543EB-29CC-42FF-8AD6-4B16B99B6301}.Release|Any CPU.Build.0 = Release|Any CPU
	EndGlobalSection
	GlobalSection(NestedProjects) = preSolution
		{17E32860-59D7-4CE8-A51C-346E9612FA22} = {1226AE59-5EEC-4F14-B04D-D34B470943BC}
		{4B6543EB-29CC-42FF-8AD6-4B16B99B6301} = {1226AE59-5EEC-4F14-B04D-D34B470943BC}
	EndGlobalSection
EndGlobal
